
Microsoft Visual Studio Solution File, Format Version 12.00
# Visual Studio Version 17
VisualStudioVersion = 17.5.33530.505
MinimumVisualStudioVersion = 10.0.40219.1
Project("{FAE04EC0-301F-11D3-BF4B-00C04F79EFBC}") = "HousesPricesPrediction", "HousesPricesPrediction\HousesPricesPrediction.csproj", "{4B678A9A-7D56-478A-B5A3-8BFC77809419}"
EndProject
Global
	GlobalSection(SolutionConfigurationPlatforms) = preSolution
		Debug|Any CPU = Debug|Any CPU
		Release|Any CPU = Release|Any CPU
	EndGlobalSection
	GlobalSection(ProjectConfigurationPlatforms) = postSolution
		{4B678A9A-7D56-478A-B5A3-8BFC77809419}.Debug|Any CPU.ActiveCfg = Debug|Any CPU
		{4B678A9A-7D56-478A-B5A3-8BFC77809419}.Debug|Any CPU.Build.0 = Debug|Any CPU
		{4B678A9A-7D56-478A-B5A3-8BFC77809419}.Release|Any CPU.ActiveCfg = Release|Any CPU
		{4B678A9A-7D56-478A-B5A3-8BFC77809419}.Release|Any CPU.Build.0 = Release|Any CPU
	EndGlobalSection
	GlobalSection(SolutionProperties) = preSolution
		HideSolutionNode = FALSE
	EndGlobalSection
	GlobalSection(ExtensibilityGlobals) = postSolution
		SolutionGuid = {CA6F5D4F-4F98-41E9-A438-31AB25AF38BC}
	EndGlobalSection
EndGlobal
